{
  "name": "@pictogrammers/memory",
  "version": "1.0.0",
  "lockfileVersion": 2,
  "requires": true,
  "packages": {
    "": {
      "name": "@pictogrammers/memory",
      "version": "1.0.0",
      "license": "https://github.com/Pictogrammers/Memory/blob/main/LICENSE",
      "dependencies": {
        "@napi-rs/canvas": "^0.1.29",
        "pureimage": "^0.3.14"
      }
    },
    "node_modules/@napi-rs/canvas": {
      "version": "0.1.29",
      "resolved": "https://registry.npmjs.org/@napi-rs/canvas/-/canvas-0.1.29.tgz",
      "integrity": "sha512-wQW4XVrjb8JXIaQ6Oo5oh9ZVi/cl2DhEgoNg6NrpCXT7OtWbsCNjO3C50oc9d1Lvlv/FAkNsy861ZwLurQ37ig==",
      "engines": {
        "node": ">= 10"
      },
      "optionalDependencies": {
        "@napi-rs/canvas-android-arm64": "0.1.29",
        "@napi-rs/canvas-darwin-arm64": "0.1.29",
        "@napi-rs/canvas-darwin-x64": "0.1.29",
        "@napi-rs/canvas-linux-arm-gnueabihf": "0.1.29",
        "@napi-rs/canvas-linux-arm64-gnu": "0.1.29",
        "@napi-rs/canvas-linux-arm64-musl": "0.1.29",
        "@napi-rs/canvas-linux-x64-gnu": "0.1.29",
        "@napi-rs/canvas-linux-x64-musl": "0.1.29",
        "@napi-rs/canvas-win32-x64-msvc": "0.1.29"
      }
    },
    "node_modules/@napi-rs/canvas-android-arm64": {
      "version": "0.1.29",
      "resolved": "https://registry.npmjs.org/@napi-rs/canvas-android-arm64/-/canvas-android-arm64-0.1.29.tgz",
      "integrity": "sha512-l7/ha8QwRkVHYgGK5nrURsO7E2DsCYFAKqUBPGHhPAgZgrSrQKC8QV3I09r0dyvrNfkigqByZ3rBly/IqJCVYw==",
      "cpu": [
        "arm64"
      ],
      "optional": true,
      "os": [
        "android"
      ],
      "engines": {
        "node": ">= 10"
      }
    },
    "node_modules/@napi-rs/canvas-darwin-arm64": {
      "version": "0.1.29",
      "resolved": "https://registry.npmjs.org/@napi-rs/canvas-darwin-arm64/-/canvas-darwin-arm64-0.1.29.tgz",
      "integrity": "sha512-OpWVLPoimNk9Lw/OjozAXSsPNMp2/T0MdFTC6EaiZ0IlUXgSGMs4mz6mXwz3nBTULGFmuH307PVUGcoAlqwsdw==",
      "cpu": [
        "arm64"
      ],
      "optional": true,
      "os": [
        "darwin"
      ],
      "engines": {
        "node": ">= 10"
      }
    },
    "node_modules/@napi-rs/canvas-darwin-x64": {
      "version": "0.1.29",
      "resolved": "https://registry.npmjs.org/@napi-rs/canvas-darwin-x64/-/canvas-darwin-x64-0.1.29.tgz",
      "integrity": "sha512-lMUevhCGQGEbldXF/AOlmofrXdsEqWBFW473ZzGz2Vkn27k0VGMxVZQKx7UovsbdKPX7bdbCI7ox4MkSnhY2Tg==",
      "cpu": [
        "x64"
      ],
      "optional": true,
      "os": [
        "darwin"
      ],
      "engines": {
        "node": ">= 10"
      }
    },
    "node_modules/@napi-rs/canvas-linux-arm-gnueabihf": {
      "version": "0.1.29",
      "resolved": "https://registry.npmjs.org/@napi-rs/canvas-linux-arm-gnueabihf/-/canvas-linux-arm-gnueabihf-0.1.29.tgz",
      "integrity": "sha512-eAnoKYNJ22Ik6xdmXazlf1/SXyA6iI4uabUbHaJgCC7mIRpwws2VZ8XlqcpOpA0l1XbS8sVbZ/neo7b9EWZrlw==",
      "cpu": [
        "arm"
      ],
      "optional": true,
      "os": [
        "linux"
      ],
      "engines": {
        "node": ">= 10"
      }
    },
    "node_modules/@napi-rs/canvas-linux-arm64-gnu": {
      "version": "0.1.29",
      "resolved": "https://registry.npmjs.org/@napi-rs/canvas-linux-arm64-gnu/-/canvas-linux-arm64-gnu-0.1.29.tgz",
      "integrity": "sha512-k+PcDgfgES9t4hPRa0WZ+CGq6T4a09ZwbES1daH1Zfh1eit5ylUL5YQCG88dNSDZZwVn5kOVfHkmWWqg0MyJgg==",
      "cpu": [
        "arm64"
      ],
      "hasInstallScript": true,
      "optional": true,
      "os": [
        "linux"
      ],
      "engines": {
        "node": ">= 10"
      }
    },
    "node_modules/@napi-rs/canvas-linux-arm64-musl": {
      "version": "0.1.29",
      "resolved": "https://registry.npmjs.org/@napi-rs/canvas-linux-arm64-musl/-/canvas-linux-arm64-musl-0.1.29.tgz",
      "integrity": "sha512-cwB1ixdD0yP2KsF1+JekQMqbiqL6SiikMRIvXB/QrbtVHNNertZeRWn9M89x7KV4EY3EMZdytaC7/IUEyUGMaQ==",
      "cpu": [
        "arm64"
      ],
      "hasInstallScript": true,
      "optional": true,
      "os": [
        "linux"
      ],
      "engines": {
        "node": ">= 10"
      }
    },
    "node_modules/@napi-rs/canvas-linux-x64-gnu": {
      "version": "0.1.29",
      "resolved": "https://registry.npmjs.org/@napi-rs/canvas-linux-x64-gnu/-/canvas-linux-x64-gnu-0.1.29.tgz",
      "integrity": "sha512-CIR8jM7V0kupzW0kxzBXBx4WG2OSHAvspFQoB0VyRx67MkiJn4U2jbK4o4tRZnQNQnLocOKVZa6DUpfk350CMQ==",
      "cpu": [
        "x64"
      ],
      "hasInstallScript": true,
      "optional": true,
      "os": [
        "linux"
      ],
      "engines": {
        "node": ">= 10"
      }
    },
    "node_modules/@napi-rs/canvas-linux-x64-musl": {
      "version": "0.1.29",
      "resolved": "https://registry.npmjs.org/@napi-rs/canvas-linux-x64-musl/-/canvas-linux-x64-musl-0.1.29.tgz",
      "integrity": "sha512-M4qMpM/2Mmxf1DWOLOhdWDJ2Cs8hg7pYkPqKUzqLfrqO7zUkNoHrxJNfJMBlBd+9lqdbgj/hBNS0f3suSXPbbA==",
      "cpu": [
        "x64"
      ],
      "hasInstallScript": true,
      "optional": true,
      "os": [
        "linux"
      ],
      "engines": {
        "node": ">= 10"
      }
    },
    "node_modules/@napi-rs/canvas-win32-x64-msvc": {
      "version": "0.1.29",
      "resolved": "https://registry.npmjs.org/@napi-rs/canvas-win32-x64-msvc/-/canvas-win32-x64-msvc-0.1.29.tgz",
      "integrity": "sha512-px4Zwg7Wg/cHEqbXib/k1oY07AMtO/9YOf5GgQnPqB+eQbvGG/kbmt1JGuuD5ceM0VLWMzKJUmA3jYhz8I45lQ==",
      "cpu": [
        "x64"
      ],
      "optional": true,
      "os": [
        "win32"
      ],
      "engines": {
        "node": ">= 10"
      }
    },
    "node_modules/jpeg-js": {
      "version": "0.4.4",
      "resolved": "https://registry.npmjs.org/jpeg-js/-/jpeg-js-0.4.4.tgz",
      "integrity": "sha512-WZzeDOEtTOBK4Mdsar0IqEU5sMr3vSV2RqkAIzUEV2BHnUfKGyswWFPFwK5EeDo93K3FohSHbLAjj0s1Wzd+dg=="
    },
    "node_modules/opentype.js": {
      "version": "0.4.11",
      "resolved": "https://registry.npmjs.org/opentype.js/-/opentype.js-0.4.11.tgz",
      "integrity": "sha512-GthxucX/6aftfLdeU5Ho7o7zmQcC8uVtqdcelVq12X++ndxwBZG8Xb5rFEKT7nEcWDD2P1x+TNuJ70jtj1Mbpw==",
      "bin": {
        "ot": "bin/ot"
      }
    },
    "node_modules/pngjs": {
      "version": "3.4.0",
      "resolved": "https://registry.npmjs.org/pngjs/-/pngjs-3.4.0.tgz",
      "integrity": "sha512-NCrCHhWmnQklfH4MtJMRjZ2a8c80qXeMlQMv2uVp9ISJMTt562SbGd6n2oq0PaPgKm7Z6pL9E2UlLIhC+SHL3w==",
      "engines": {
        "node": ">=4.0.0"
      }
    },
    "node_modules/pureimage": {
      "version": "0.3.14",
      "resolved": "https://registry.npmjs.org/pureimage/-/pureimage-0.3.14.tgz",
      "integrity": "sha512-MoXNFWnJaaxMCqfB97Gyw73rI4MEY075VW/WJ+Z+F/ZgQP7HH8kdcIf8Meif15sdCXhTFlMTSHQxSIrSWkQILw==",
      "dependencies": {
        "jpeg-js": "^0.4.1",
        "opentype.js": "^0.4.3",
        "pngjs": "^3.3.1"
      },
      "engines": {
        "node": ">=0.8"
      }
    }
  },
  "dependencies": {
    "@napi-rs/canvas": {
      "version": "0.1.29",
      "resolved": "https://registry.npmjs.org/@napi-rs/canvas/-/canvas-0.1.29.tgz",
      "integrity": "sha512-wQW4XVrjb8JXIaQ6Oo5oh9ZVi/cl2DhEgoNg6NrpCXT7OtWbsCNjO3C50oc9d1Lvlv/FAkNsy861ZwLurQ37ig==",
      "requires": {
        "@napi-rs/canvas-android-arm64": "0.1.29",
        "@napi-rs/canvas-darwin-arm64": "0.1.29",
        "@napi-rs/canvas-darwin-x64": "0.1.29",
        "@napi-rs/canvas-linux-arm-gnueabihf": "0.1.29",
        "@napi-rs/canvas-linux-arm64-gnu": "0.1.29",
        "@napi-rs/canvas-linux-arm64-musl": "0.1.29",
        "@napi-rs/canvas-linux-x64-gnu": "0.1.29",
        "@napi-rs/canvas-linux-x64-musl": "0.1.29",
        "@napi-rs/canvas-win32-x64-msvc": "0.1.29"
      }
    },
    "@napi-rs/canvas-android-arm64": {
      "version": "0.1.29",
      "resolved": "https://registry.npmjs.org/@napi-rs/canvas-android-arm64/-/canvas-android-arm64-0.1.29.tgz",
      "integrity": "sha512-l7/ha8QwRkVHYgGK5nrURsO7E2DsCYFAKqUBPGHhPAgZgrSrQKC8QV3I09r0dyvrNfkigqByZ3rBly/IqJCVYw==",
      "optional": true
    },
    "@napi-rs/canvas-darwin-arm64": {
      "version": "0.1.29",
      "resolved": "https://registry.npmjs.org/@napi-rs/canvas-darwin-arm64/-/canvas-darwin-arm64-0.1.29.tgz",
      "integrity": "sha512-OpWVLPoimNk9Lw/OjozAXSsPNMp2/T0MdFTC6EaiZ0IlUXgSGMs4mz6mXwz3nBTULGFmuH307PVUGcoAlqwsdw==",
      "optional": true
    },
    "@napi-rs/canvas-darwin-x64": {
      "version": "0.1.29",
      "resolved": "https://registry.npmjs.org/@napi-rs/canvas-darwin-x64/-/canvas-darwin-x64-0.1.29.tgz",
      "integrity": "sha512-lMUevhCGQGEbldXF/AOlmofrXdsEqWBFW473ZzGz2Vkn27k0VGMxVZQKx7UovsbdKPX7bdbCI7ox4MkSnhY2Tg==",
      "optional": true
    },
    "@napi-rs/canvas-linux-arm-gnueabihf": {
      "version": "0.1.29",
      "resolved": "https://registry.npmjs.org/@napi-rs/canvas-linux-arm-gnueabihf/-/canvas-linux-arm-gnueabihf-0.1.29.tgz",
      "integrity": "sha512-eAnoKYNJ22Ik6xdmXazlf1/SXyA6iI4uabUbHaJgCC7mIRpwws2VZ8XlqcpOpA0l1XbS8sVbZ/neo7b9EWZrlw==",
      "optional": true
    },
    "@napi-rs/canvas-linux-arm64-gnu": {
      "version": "0.1.29",
      "resolved": "https://registry.npmjs.org/@napi-rs/canvas-linux-arm64-gnu/-/canvas-linux-arm64-gnu-0.1.29.tgz",
      "integrity": "sha512-k+PcDgfgES9t4hPRa0WZ+CGq6T4a09ZwbES1daH1Zfh1eit5ylUL5YQCG88dNSDZZwVn5kOVfHkmWWqg0MyJgg==",
      "optional": true
    },
    "@napi-rs/canvas-linux-arm64-musl": {
      "version": "0.1.29",
      "resolved": "https://registry.npmjs.org/@napi-rs/canvas-linux-arm64-musl/-/canvas-linux-arm64-musl-0.1.29.tgz",
      "integrity": "sha512-cwB1ixdD0yP2KsF1+JekQMqbiqL6SiikMRIvXB/QrbtVHNNertZeRWn9M89x7KV4EY3EMZdytaC7/IUEyUGMaQ==",
      "optional": true
    },
    "@napi-rs/canvas-linux-x64-gnu": {
      "version": "0.1.29",
      "resolved": "https://registry.npmjs.org/@napi-rs/canvas-linux-x64-gnu/-/canvas-linux-x64-gnu-0.1.29.tgz",
      "integrity": "sha512-CIR8jM7V0kupzW0kxzBXBx4WG2OSHAvspFQoB0VyRx67MkiJn4U2jbK4o4tRZnQNQnLocOKVZa6DUpfk350CMQ==",
      "optional": true
    },
    "@napi-rs/canvas-linux-x64-musl": {
      "version": "0.1.29",
      "resolved": "https://registry.npmjs.org/@napi-rs/canvas-linux-x64-musl/-/canvas-linux-x64-musl-0.1.29.tgz",
      "integrity": "sha512-M4qMpM/2Mmxf1DWOLOhdWDJ2Cs8hg7pYkPqKUzqLfrqO7zUkNoHrxJNfJMBlBd+9lqdbgj/hBNS0f3suSXPbbA==",
      "optional": true
    },
    "@napi-rs/canvas-win32-x64-msvc": {
      "version": "0.1.29",
      "resolved": "https://registry.npmjs.org/@napi-rs/canvas-win32-x64-msvc/-/canvas-win32-x64-msvc-0.1.29.tgz",
      "integrity": "sha512-px4Zwg7Wg/cHEqbXib/k1oY07AMtO/9YOf5GgQnPqB+eQbvGG/kbmt1JGuuD5ceM0VLWMzKJUmA3jYhz8I45lQ==",
      "optional": true
    },
    "jpeg-js": {
      "version": "0.4.4",
      "resolved": "https://registry.npmjs.org/jpeg-js/-/jpeg-js-0.4.4.tgz",
      "integrity": "sha512-WZzeDOEtTOBK4Mdsar0IqEU5sMr3vSV2RqkAIzUEV2BHnUfKGyswWFPFwK5EeDo93K3FohSHbLAjj0s1Wzd+dg=="
    },
    "opentype.js": {
      "version": "0.4.11",
      "resolved": "https://registry.npmjs.org/opentype.js/-/opentype.js-0.4.11.tgz",
      "integrity": "sha512-GthxucX/6aftfLdeU5Ho7o7zmQcC8uVtqdcelVq12X++ndxwBZG8Xb5rFEKT7nEcWDD2P1x+TNuJ70jtj1Mbpw=="
    },
    "pngjs": {
      "version": "3.4.0",
      "resolved": "https://registry.npmjs.org/pngjs/-/pngjs-3.4.0.tgz",
      "integrity": "sha512-NCrCHhWmnQklfH4MtJMRjZ2a8c80qXeMlQMv2uVp9ISJMTt562SbGd6n2oq0PaPgKm7Z6pL9E2UlLIhC+SHL3w=="
    },
    "pureimage": {
      "version": "0.3.14",
      "resolved": "https://registry.npmjs.org/pureimage/-/pureimage-0.3.14.tgz",
      "integrity": "sha512-MoXNFWnJaaxMCqfB97Gyw73rI4MEY075VW/WJ+Z+F/ZgQP7HH8kdcIf8Meif15sdCXhTFlMTSHQxSIrSWkQILw==",
      "requires": {
        "jpeg-js": "^0.4.1",
        "opentype.js": "^0.4.3",
        "pngjs": "^3.3.1"
      }
    }
  }
}
